{
  "version": 4,
  "terraform_version": "1.4.6",
  "serial": 96,
  "lineage": "ab05b67d-4e3f-0197-d1f9-d57652675110",
  "outputs": {
    "private": {
      "value": "-----BEGIN RSA PRIVATE KEY-----\nMIIJKAIBAAKCAgEAmVs33vt99pdz7xnH7OeRVoyLa4meWYSOc6C73a5jlXi1EvZG\n+q4SUw2V1iM/SekujJOQtUs5ueL6PWnPjZdKoSGKbVm0WMUJAe3Edb/F7FqnH3xs\nLvV1/pUwADIwvp+YSyKqYAdsNiuhls0lDudl+sKcNq1PZZPRi4dCwdkoOcg9cZVs\nRkcWtQkI6YfrugWWPoOvnF6hKpUW9crihjX6bRPp3c0r8/3wY482xp8ls7chqbGS\nkAY9ZvXyv4dIyuesYNhnCGO5UScyZqE2Ywm1C3lFKpBGyOVQHWkJaALUhPxjesB2\nsq96uCcDycLFvrI3ywJRvCktixI8+0/tBxCDb0CXoU7+X02AriixVKPHbOoNVh5c\n+fzzC+46MJB6gy93HiMCIyjIR/LbtoFuYBJoQD8Gquu07QW6LZVGeMbgqF7OUNjy\n8IuAuCkZOaP89iXvskyw5tSKxNMwRoxRyyVAyjJRVuiVD+TYnGKLDT1ccUrQNVpU\nIVS0KHreG3Y+yrBCuBL3CfLI8sNAQE2XZtetGeYBRyjRYUyLxuLUfmJs1IZonAHX\nJ/MssCM+93IoVZS4YR89hpo7YU34FyRhXc/Yso+2fgGh6Bwp89ZCPNiuaTKGXGoP\nA94yRHlp9mRJHi6kg6m2oZcFYu1vIo/6So7oGegBcIuAElvx1k1OkBLGLe0CAwEA\nAQKCAgBAsG7P+6w14ctAt9JSx5fSN3T0RtfqEPV6Jvo4V8CgI4vWVNa6FcWbDScA\nblvbFKbTG8g2AWZ3WByQ3Vp08rXDZH+dAvMFYxAapS5zMRMPUWof6P9Fi7tbSZk2\n6/UN5Ap830GZQmhOLXd7Qkv4jnnBHmiA0/ii84i337W0SaMjRKlOiWZj+sbEVOxS\nfkhcbtDiy++++Vfou30074FAdfKOIpFLQ6nfwWWuyZGklSt1NLHZgBM/97HdBbCB\nRFLbbICVVZOYwWBBsFQdYLGtc0HQdjZL7xI82iZCUbVrD46QDlr0Q82OMGGG3sZF\nTIjXmRvZ4b+SrJgOiwH4TM3CZh/ane0yBhDjiy9HXszY9qkKKtNEzewcBUbuNOJL\nHh3atUUZezc5jF/I3WlTF263oRrt5UzqqoAMhU8wObxVz+NIqhsDxr6XXaZHRmFH\nZDFSYHWM5jZSpoPOpuUSc5c1qDKQfEI4uzMUbt1DLLXOljvfb7tNo8KwhhWWPNZO\n8vjS2NBqf/b3vV6/JiLON5EgWVQVA/DXyJk74pDvDQ0mOsyYKWtaN69EWLPyWp8R\nwIuhwai+gkDLvnEvtO39pfU5YMR5q2PI2JnTH4f24/HXZGgI1Avk5C82mpbXZtA2\n2OhOsha9htD+3mf3b6GccK6DwvsM8/eko8Bts1c2o0qsFitmzQKCAQEAxNV0vatM\np61PFLJEnp9XKhYya4w7priPhx71MBOdhWRGGsXkqw1TVx9ZSltfLZWi/o3ECocT\nTLb3kK8qYQTlXhx++44RWvy6OwzPeR7pxEfax4UhOvd2JTg7zYuYWGg9YqO5Cuha\nTte02ri8FN4swnkUr9hcJWN40hOcshf8frXSHYNEaP0BCPTVyH7YqOzfpTXnstpg\n3Cya85I4ZPLWruV+ZilnN6LjeVQLQYW3ehcESAbp7YbXP0Kx3AMI8RLNbcmn7fQt\nBjXrTY1kwhWa/zWzdRKpKzpDaU1U6+4tVm4WFOUsPxD4CSREzy3dziNJTJ96iGzr\nIs8vFU9nN5rcOwKCAQEAx3QhCUYE/PnEwUzXe0VurWwb+UJP2VqwTIsWLv1LcVjV\n00dSUjHYh4c0ntGZASwm2RVKHjT2UKlMU5zpsyANEmv2IVeqabzxd/5XWwFAKFqS\nJ1zJqEuFLdGUtS8IFovZp5DApMDoy7TlU61bR34KDGTk6Kwf7aGP9SCnl5WDedCn\nGLrBGXcUENwml6jZgFuL+Ydb2r6AF/J6alzr/XgJu12PNBRksfEiXLq87d17d8sP\nYOt+Jo1sLGsV/y0xhht7zroKoBOYpL7nPoQC+GLOg7l6PPu8XnI6/5OZujjZInd1\nCjloYn6VB5n1HTKnbkL30vKvHJ0uueQQMpq4IeUD9wKCAQBtqcNV3PdjQDKcBEoo\n2fu1LhK/Sqz9UTxd+sh+FZ+gbuKEDhc9mboCAyw7OjcH7aOXESLU/rao+hNp373L\nue+UhGnW+yr+N2oGdjetcqSpP6NLoAeIk9CWIgNnnEuvjbwNlcwFoLiXzqQra9sW\nAUaMvurgobmM9yOcX2Lg8m4xplk/KiBWIgeOluH4x3ssenSL1kGVqwdmA8/8vk1/\nKLClVqUahBzGqZD0yvdOdRJpCiPPgVKZjJOl4iG3w1UbAu/DKCPQdkcTe7zyQ0GM\nxH7Li37FTjVEKTzfkT8sB1HpIoJY9+mz5V9bsIJJr3MxYwV2lC+vjIdgqG/B/rAy\nEax7AoIBAQCgVYc1GDdsUTBMn4PdEXyeJnj6T8c2l8N/VJO5pF6gOGRzWjMf5fgF\nQrgXL7CKk76K5aVWUQbs4pt733iySQKZG3aZaQqRw5Rs/GWmv4OerOguglWNV2Aw\n6/haCfu7fCK0pBVom7bIApwTPxlQiE51lim5rJxh/21lBSIUJdmx8/xPUdlmqiXU\nQ9U2N0LY/z6vkZNSba81EPQ9SoNel79jAhvbJsWnkYso9ehoYpIdQ3wSUlxvi2I4\n9sCRB/h2sOM+1Kkz82zSirADvkVQ/MS8eT59hXPwjG1HBJUgcRCDt3m7hViXTOBq\nYuX62bxkU6s6xWHlY6mrP12SAHQisyITAoIBAEujwnpGLZNwAFMtSsETezfNyuJl\ng7iUYBzNXt6AxB2zaNE942Kgxf9e2xsTpBO1Gbm7ayVihUs0UpsQFLNvv0cvdcgi\nAFnA7s1SG7Wn7l7D+1CbOnyk1uDC5sbRayfmaCXQs+Fc6k/WfrlaCoU3uakzSuew\ny6gneBbLbmWRNxyQ9ya0KzWOLewGzwyZbYK0hk8N/UOsQJ140AOB5UMDHmeKnh10\n58b1w58n4ReDvQ+wktvLkTvif3tMGUaZwu3rDM4aG/O+GVw4xSIgiikhWHqZYbiK\nwKtjeglPz6ZnHQjvQnB9w6EiHDqHjBI415WJka76kAhM/xEkh1Mq/d9BqWk=\n-----END RSA PRIVATE KEY-----\n",
      "type": "string",
      "sensitive": true
    }
  },
  "resources": [
    {
      "mode": "data",
      "type": "aws_acm_certificate",
      "name": "cert",
      "provider": "provider[\"registry.terraform.io/hashicorp/aws\"]",
      "instances": [
        {
          "schema_version": 0,
          "attributes": {
            "arn": "arn:aws:acm:us-east-1:277322917179:certificate/24da92c8-87c2-4a26-86ec-9f8e0e7eeade",
            "certificate": "-----BEGIN CERTIFICATE-----\nMIIF1jCCBL6gAwIBAgIQApAjj3GLsD1Cf+Z31xMCEzANBgkqhkiG9w0BAQsFADA8\nMQswCQYDVQQGEwJVUzEPMA0GA1UEChMGQW1hem9uMRwwGgYDVQQDExNBbWF6b24g\nUlNBIDIwNDggTTAyMB4XDTIzMDcwNTAwMDAwMFoXDTI0MDgwMjIzNTk1OVowHzEd\nMBsGA1UEAxMUcmFuY2hlci5pYnJhaGltdS5uZXQwggEiMA0GCSqGSIb3DQEBAQUA\nA4IBDwAwggEKAoIBAQCqNgQ1qp7576Pf5rZq+OkDhtH0t6btbvf+EnSU6c3wFA9r\nSIeu58bQ+RJMcrVi/RFpr8YY9KYZdx/c9Yb6BEjVJ6TG8SW9Kg6i+3Xfc0K43piX\nzU58ircXS+B5HhS7/vvw+eaEGMq3UQyEW0oAa8XTCtEgY1m0wCI/Q5s6Ad2Jqgsn\nrxKcE1OmWfrrGvlZmr18vxUnUr9iIiovjQr+kDy93Tkd8iLT5hPKbgZ6ORdpUyGf\n38MvNC+l/HbX3/T9DdS3eq8pGOMG3ThbaVwDN/Kg9UFIdcTO/zRd8Jw5QYNYpKQw\nsPsaBgL59wOFdmFNTPPV3OgHxnGI235Bt7BaO8L1AgMBAAGjggLvMIIC6zAfBgNV\nHSMEGDAWgBTAMVLNWlDDgnx0cc7L6Zz5euuC4jAdBgNVHQ4EFgQUox0ieZcPgIUh\nyC6xYP+7cX5bvTowHwYDVR0RBBgwFoIUcmFuY2hlci5pYnJhaGltdS5uZXQwDgYD\nVR0PAQH/BAQDAgWgMB0GA1UdJQQWMBQGCCsGAQUFBwMBBggrBgEFBQcDAjA7BgNV\nHR8ENDAyMDCgLqAshipodHRwOi8vY3JsLnIybTAyLmFtYXpvbnRydXN0LmNvbS9y\nMm0wMi5jcmwwEwYDVR0gBAwwCjAIBgZngQwBAgEwdQYIKwYBBQUHAQEEaTBnMC0G\nCCsGAQUFBzABhiFodHRwOi8vb2NzcC5yMm0wMi5hbWF6b250cnVzdC5jb20wNgYI\nKwYBBQUHMAKGKmh0dHA6Ly9jcnQucjJtMDIuYW1hem9udHJ1c3QuY29tL3IybTAy\nLmNlcjAMBgNVHRMBAf8EAjAAMIIBgAYKKwYBBAHWeQIEAgSCAXAEggFsAWoAdwDu\nzdBk1dsazsVct520zROiModGfLzs3sNRSFlGcR+1mwAAAYknnjq6AAAEAwBIMEYC\nIQDMo8n2hfSkEmAMpaI1NFdeXHajQxBkv8Zk1it+YEjr/AIhANnpYatkL3Zbs+tc\nA5aHyQKCCsXZUQWkGU/oGAJpnJarAHYA2ra/az+1tiKfm8K7XGvocJFxbLtRhIU0\nvaQ9MEjX+6sAAAGJJ547CwAABAMARzBFAiEA9SynGUypgwc4J4LXqHY5/gyXUHCk\nr3NXMSDYTfQYahgCIEuNDFQtiWVh4h4GSQitAXURQX1AEVCc0AubQzJJuTjkAHcA\nPxdLT9ciR1iUHWUchL4NEu2QN38fhWrrwb8ohez4ZG4AAAGJJ5467wAABAMASDBG\nAiEAuFZo0u2MRINcLirc6EWqUJoklprlRRBWoR7rD5i3ZTsCIQDlcK8F04vQTT4Y\nEaoDB3YfbYOHjRkoai6C2QlVX0PbnjANBgkqhkiG9w0BAQsFAAOCAQEABaPKSLwP\n72hB53NBDaHBbdn6H2KRAIw8jYGg6nlTBYnsy/qHoJIDzOWC9tQ9cDxUNZZb2T3B\noD//Nm914UWS5pgvrEQ3cdZQ0OjSRv6ygyaOQqY3ftl2DHXs8gzK6lcxRAIZzmIk\nS/5vzRQpcE93GVBoI5PZSvc0QnwYZnV5R+bJt9EtZCRYFLfqWXGNwTdDOv9yrdqx\nJDJ+HHn3YqiEKxjZ48VMZ44735aL8wtaQQ4rFUJsYSVV75Z+qyTYs5nkBSDFugPX\nCpzxlNa5qDGQCvSTxauQr0A7x7zkQgMIjRYSPYfv50Vk/ELaC7o2oatOOYabXxr5\nQEllh3NL3E3+KA==\n-----END CERTIFICATE-----\n",
            "certificate_chain": "-----BEGIN CERTIFICATE-----\nMIIEXjCCA0agAwIBAgITB3MSSkvL1E7HtTvq8ZSELToPoTANBgkqhkiG9w0BAQsF\nADA5MQswCQYDVQQGEwJVUzEPMA0GA1UEChMGQW1hem9uMRkwFwYDVQQDExBBbWF6\nb24gUm9vdCBDQSAxMB4XDTIyMDgyMzIyMjUzMFoXDTMwMDgyMzIyMjUzMFowPDEL\nMAkGA1UEBhMCVVMxDzANBgNVBAoTBkFtYXpvbjEcMBoGA1UEAxMTQW1hem9uIFJT\nQSAyMDQ4IE0wMjCCASIwDQYJKoZIhvcNAQEBBQADggEPADCCAQoCggEBALtDGMZa\nqHneKei1by6+pUPPLljTB143Si6VpEWPc6mSkFhZb/6qrkZyoHlQLbDYnI2D7hD0\nsdzEqfnuAjIsuXQLG3A8TvX6V3oFNBFVe8NlLJHvBseKY88saLwufxkZVwk74g4n\nWlNMXzla9Y5F3wwRHwMVH443xGz6UtGSZSqQ94eFx5X7Tlqt8whi8qCaKdZ5rNak\n+r9nUThOeClqFd4oXych//Rc7Y0eX1KNWHYSI1Nk31mYgiK3JvH063g+K9tHA63Z\neTgKgndlh+WI+zv7i44HepRZjA1FYwYZ9Vv/9UkC5Yz8/yU65fgjaE+wVHM4e/Yy\nC2osrPWE7gJ+dXMCAwEAAaOCAVowggFWMBIGA1UdEwEB/wQIMAYBAf8CAQAwDgYD\nVR0PAQH/BAQDAgGGMB0GA1UdJQQWMBQGCCsGAQUFBwMBBggrBgEFBQcDAjAdBgNV\nHQ4EFgQUwDFSzVpQw4J8dHHOy+mc+XrrguIwHwYDVR0jBBgwFoAUhBjMhTTsvAyU\nlC4IWZzHshBOCggwewYIKwYBBQUHAQEEbzBtMC8GCCsGAQUFBzABhiNodHRwOi8v\nb2NzcC5yb290Y2ExLmFtYXpvbnRydXN0LmNvbTA6BggrBgEFBQcwAoYuaHR0cDov\nL2NydC5yb290Y2ExLmFtYXpvbnRydXN0LmNvbS9yb290Y2ExLmNlcjA/BgNVHR8E\nODA2MDSgMqAwhi5odHRwOi8vY3JsLnJvb3RjYTEuYW1hem9udHJ1c3QuY29tL3Jv\nb3RjYTEuY3JsMBMGA1UdIAQMMAowCAYGZ4EMAQIBMA0GCSqGSIb3DQEBCwUAA4IB\nAQAtTi6Fs0Azfi+iwm7jrz+CSxHH+uHl7Law3MQSXVtR8RV53PtR6r/6gNpqlzdo\nZq4FKbADi1v9Bun8RY8D51uedRfjsbeodizeBB8nXmeyD33Ep7VATj4ozcd31YFV\nfgRhvTSxNrrTlNpWkUk0m3BMPv8sg381HhA6uEYokE5q9uws/3YkKqRiEz3TsaWm\nJqIRZhMbgAfp7O7FUwFIb7UIspogZSKxPIWJpxiPo3TcBambbVtQOcNRWz5qCQdD\nslI2yayq0n2TXoHyNCLEH8rpsJRVILFsg0jc7BaFrMnF462+ajSehgj12IidNeRN\n4zl+EoNaWdpnWndvSpAEkq2P\n-----END CERTIFICATE-----\n-----BEGIN CERTIFICATE-----\nMIIEkjCCA3qgAwIBAgITBn+USionzfP6wq4rAfkI7rnExjANBgkqhkiG9w0BAQsF\nADCBmDELMAkGA1UEBhMCVVMxEDAOBgNVBAgTB0FyaXpvbmExEzARBgNVBAcTClNj\nb3R0c2RhbGUxJTAjBgNVBAoTHFN0YXJmaWVsZCBUZWNobm9sb2dpZXMsIEluYy4x\nOzA5BgNVBAMTMlN0YXJmaWVsZCBTZXJ2aWNlcyBSb290IENlcnRpZmljYXRlIEF1\ndGhvcml0eSAtIEcyMB4XDTE1MDUyNTEyMDAwMFoXDTM3MTIzMTAxMDAwMFowOTEL\nMAkGA1UEBhMCVVMxDzANBgNVBAoTBkFtYXpvbjEZMBcGA1UEAxMQQW1hem9uIFJv\nb3QgQ0EgMTCCASIwDQYJKoZIhvcNAQEBBQADggEPADCCAQoCggEBALJ4gHHKeNXj\nca9HgFB0fW7Y14h29Jlo91ghYPl0hAEvrAIthtOgQ3pOsqTQNroBvo3bSMgHFzZM\n9O6II8c+6zf1tRn4SWiw3te5djgdYZ6k/oI2peVKVuRF4fn9tBb6dNqcmzU5L/qw\nIFAGbHrQgLKm+a/sRxmPUDgH3KKHOVj4utWp+UhnMJbulHheb4mjUcAwhmahRWa6\nVOujw5H5SNz/0egwLX0tdHA114gk957EWW67c4cX8jJGKLhD+rcdqsq08p8kDi1L\n93FcXmn/6pUCyziKrlA4b9v7LWIbxcceVOF34GfID5yHI9Y/QCB/IIDEgEw+OyQm\njgSubJrIqg0CAwEAAaOCATEwggEtMA8GA1UdEwEB/wQFMAMBAf8wDgYDVR0PAQH/\nBAQDAgGGMB0GA1UdDgQWBBSEGMyFNOy8DJSULghZnMeyEE4KCDAfBgNVHSMEGDAW\ngBScXwDfqgHXMCs4iKK4bUqc8hGRgzB4BggrBgEFBQcBAQRsMGowLgYIKwYBBQUH\nMAGGImh0dHA6Ly9vY3NwLnJvb3RnMi5hbWF6b250cnVzdC5jb20wOAYIKwYBBQUH\nMAKGLGh0dHA6Ly9jcnQucm9vdGcyLmFtYXpvbnRydXN0LmNvbS9yb290ZzIuY2Vy\nMD0GA1UdHwQ2MDQwMqAwoC6GLGh0dHA6Ly9jcmwucm9vdGcyLmFtYXpvbnRydXN0\nLmNvbS9yb290ZzIuY3JsMBEGA1UdIAQKMAgwBgYEVR0gADANBgkqhkiG9w0BAQsF\nAAOCAQEAYjdCXLwQtT6LLOkMm2xF4gcAevnFWAu5CIw+7bMlPLVvUOTNNWqnkzSW\nMiGpSESrnO09tKpzbeR/FoCJbM8oAxiDR3mjEH4wW6w7sGDgd9QIpuEdfF7Au/ma\neyKdpwAJfqxGF4PcnCZXmTA5YpaP7dreqsXMGz7KQ2hsVxa81Q4gLv7/wmpdLqBK\nbRRYh5TmOTFffHPLkIhqhBGWJ6bt2YFGpn6jcgAKUj6DiAdjd4lpFw85hdKrCEVN\n0FE6/V1dN2RMfjCyVSRCnTawXZwXgWHxyvkQAiSr6w10kY17RSlQOYiypok1JR4U\nakcjMS9cmvqtmg5iUaQqqcT5NJ0hGA==\n-----END CERTIFICATE-----\n-----BEGIN CERTIFICATE-----\nMIIEdTCCA12gAwIBAgIJAKcOSkw0grd/MA0GCSqGSIb3DQEBCwUAMGgxCzAJBgNV\nBAYTAlVTMSUwIwYDVQQKExxTdGFyZmllbGQgVGVjaG5vbG9naWVzLCBJbmMuMTIw\nMAYDVQQLEylTdGFyZmllbGQgQ2xhc3MgMiBDZXJ0aWZpY2F0aW9uIEF1dGhvcml0\neTAeFw0wOTA5MDIwMDAwMDBaFw0zNDA2MjgxNzM5MTZaMIGYMQswCQYDVQQGEwJV\nUzEQMA4GA1UECBMHQXJpem9uYTETMBEGA1UEBxMKU2NvdHRzZGFsZTElMCMGA1UE\nChMcU3RhcmZpZWxkIFRlY2hub2xvZ2llcywgSW5jLjE7MDkGA1UEAxMyU3RhcmZp\nZWxkIFNlcnZpY2VzIFJvb3QgQ2VydGlmaWNhdGUgQXV0aG9yaXR5IC0gRzIwggEi\nMA0GCSqGSIb3DQEBAQUAA4IBDwAwggEKAoIBAQDVDDrEKvlO4vW+GZdfjohTsR8/\ny8+fIBNtKTrID30892t2OGPZNmCom15cAICyL1l/9of5JUOG52kbUpqQ4XHj2C0N\nTm/2yEnZtvMaVq4rtnQU68/7JuMauh2WLmo7WJSJR1b/JaCTcFOD2oR0FMNnngRo\nOt+OQFodSk7PQ5E751bWAHDLUu57fa4657wx+UX2wmDPE1kCK4DMNEffud6QZW0C\nzyyRpqbn3oUYSXxmTqM6bam17jQuug0DuDPfR+uxa40l2ZvOgdFFRjKWcIfeAg5J\nQ4W2bHO7ZOphQazJ1FTfhy/HIrImzJ9ZVGif/L4qL8RVHHVAYBeFAlU5i38FAgMB\nAAGjgfAwge0wDwYDVR0TAQH/BAUwAwEB/zAOBgNVHQ8BAf8EBAMCAYYwHQYDVR0O\nBBYEFJxfAN+qAdcwKziIorhtSpzyEZGDMB8GA1UdIwQYMBaAFL9ft9HO3R+G9FtV\nrNzXEMIOqYjnME8GCCsGAQUFBwEBBEMwQTAcBggrBgEFBQcwAYYQaHR0cDovL28u\nc3MyLnVzLzAhBggrBgEFBQcwAoYVaHR0cDovL3guc3MyLnVzL3guY2VyMCYGA1Ud\nHwQfMB0wG6AZoBeGFWh0dHA6Ly9zLnNzMi51cy9yLmNybDARBgNVHSAECjAIMAYG\nBFUdIAAwDQYJKoZIhvcNAQELBQADggEBACMd44pXyn3pF3lM8R5V/cxTbj5HD9/G\nVfKyBDbtgB9TxF00KGu+x1X8Z+rLP3+QsjPNG1gQggL4+C/1E2DUBc7xgQjB3ad1\nl08YuW3e95ORCLp+QCztweq7dp4zBncdDQh/U90bZKuCJ/Fp1U1ervShw3WnWEQt\n8jxwmKy6abaVd38PMV4s/KCHOkdp8Hlf9BRUpJVeEXgSYCfOn8J3/yNTd126/+pZ\n59vPr5KW7ySaNRB6nJHGDn2Z9j8Z3/VyVOEVqQdZe4O/Ui5GjLIAZHYcSNPYeehu\nVsyuLAOQ1xk4meTKCRlb/weWsKh/NEnfVqn3sF/tM+2MR7cwA130A4w=\n-----END CERTIFICATE-----\n",
            "domain": "rancher.ibrahimu.net",
            "id": "arn:aws:acm:us-east-1:277322917179:certificate/24da92c8-87c2-4a26-86ec-9f8e0e7eeade",
            "key_types": null,
            "most_recent": true,
            "status": "ISSUED",
            "statuses": [
              "ISSUED"
            ],
            "tags": {},
            "types": null
          },
          "sensitive_attributes": []
        }
      ]
    },
    {
      "mode": "data",
      "type": "aws_route53_zone",
      "name": "dns",
      "provider": "provider[\"registry.terraform.io/hashicorp/aws\"]",
      "instances": [
        {
          "schema_version": 0,
          "attributes": {
            "arn": "arn:aws:route53:::hostedzone/Z02125032QH4SG2LG751G",
            "caller_reference": "RISWorkflow-RD:01cc819a-3646-4b20-8775-8dbb82c986dc",
            "comment": "HostedZone created by Route53 Registrar",
            "id": "Z02125032QH4SG2LG751G",
            "linked_service_description": null,
            "linked_service_principal": null,
            "name": "ibrahimu.net",
            "name_servers": [
              "ns-571.awsdns-07.net",
              "ns-99.awsdns-12.com",
              "ns-1779.awsdns-30.co.uk",
              "ns-1156.awsdns-16.org"
            ],
            "primary_name_server": "ns-571.awsdns-07.net",
            "private_zone": false,
            "resource_record_set_count": 3,
            "tags": {},
            "vpc_id": null,
            "zone_id": "Z02125032QH4SG2LG751G"
          },
          "sensitive_attributes": []
        }
      ]
    },
    {
      "mode": "data",
      "type": "aws_vpc",
      "name": "selected",
      "provider": "provider[\"registry.terraform.io/hashicorp/aws\"]",
      "instances": [
        {
          "schema_version": 0,
          "attributes": {
            "arn": "arn:aws:ec2:us-east-1:277322917179:vpc/vpc-0b922ba241458b6ef",
            "cidr_block": "172.31.0.0/16",
            "cidr_block_associations": [
              {
                "association_id": "vpc-cidr-assoc-0177100ae361a04d9",
                "cidr_block": "172.31.0.0/16",
                "state": "associated"
              }
            ],
            "default": true,
            "dhcp_options_id": "dopt-003693bf14eaee413",
            "enable_dns_hostnames": true,
            "enable_dns_support": true,
            "enable_network_address_usage_metrics": false,
            "filter": null,
            "id": "vpc-0b922ba241458b6ef",
            "instance_tenancy": "default",
            "ipv6_association_id": "",
            "ipv6_cidr_block": "",
            "main_route_table_id": "rtb-030ab09af53176e0b",
            "owner_id": "277322917179",
            "state": null,
            "tags": {
              "Name": "Default VPC"
            },
            "timeouts": null
          },
          "sensitive_attributes": []
        }
      ]
    },
    {
      "mode": "managed",
      "type": "aws_alb_listener",
      "name": "rancher-listener1",
      "provider": "provider[\"registry.terraform.io/hashicorp/aws\"]",
      "instances": [
        {
          "schema_version": 0,
          "attributes": {
            "alpn_policy": null,
            "arn": "arn:aws:elasticloadbalancing:us-east-1:277322917179:listener/app/petclinic-rancher-alb-oliver/7262cdda6d4fde2a/9c1ce3e0e81697b4",
            "certificate_arn": "arn:aws:acm:us-east-1:277322917179:certificate/24da92c8-87c2-4a26-86ec-9f8e0e7eeade",
            "default_action": [
              {
                "authenticate_cognito": [],
                "authenticate_oidc": [],
                "fixed_response": [],
                "forward": [],
                "order": 1,
                "redirect": [],
                "target_group_arn": "arn:aws:elasticloadbalancing:us-east-1:277322917179:targetgroup/clarus-rancher-http-80-tg-oliver/47490d5d360cea49",
                "type": "forward"
              }
            ],
            "id": "arn:aws:elasticloadbalancing:us-east-1:277322917179:listener/app/petclinic-rancher-alb-oliver/7262cdda6d4fde2a/9c1ce3e0e81697b4",
            "load_balancer_arn": "arn:aws:elasticloadbalancing:us-east-1:277322917179:loadbalancer/app/petclinic-rancher-alb-oliver/7262cdda6d4fde2a",
            "port": 443,
            "protocol": "HTTPS",
            "ssl_policy": "ELBSecurityPolicy-2016-08",
            "tags": null,
            "tags_all": {},
            "timeouts": null
          },
          "sensitive_attributes": [],
          "private": "eyJlMmJmYjczMC1lY2FhLTExZTYtOGY4OC0zNDM2M2JjN2M0YzAiOnsicmVhZCI6NjAwMDAwMDAwMDAwfX0=",
          "dependencies": [
            "aws_alb_target_group.rancher-tg",
            "aws_lb.rancher-alb",
            "aws_security_group.rancher-alb",
            "data.aws_acm_certificate.cert"
          ]
        }
      ]
    },
    {
      "mode": "managed",
      "type": "aws_alb_listener",
      "name": "rancher-listener2",
      "provider": "provider[\"registry.terraform.io/hashicorp/aws\"]",
      "instances": [
        {
          "schema_version": 0,
          "attributes": {
            "alpn_policy": null,
            "arn": "arn:aws:elasticloadbalancing:us-east-1:277322917179:listener/app/petclinic-rancher-alb-oliver/7262cdda6d4fde2a/5a0ef3e909326348",
            "certificate_arn": null,
            "default_action": [
              {
                "authenticate_cognito": [],
                "authenticate_oidc": [],
                "fixed_response": [],
                "forward": [],
                "order": 1,
                "redirect": [
                  {
                    "host": "#{host}",
                    "path": "/#{path}",
                    "port": "443",
                    "protocol": "HTTPS",
                    "query": "#{query}",
                    "status_code": "HTTP_301"
                  }
                ],
                "target_group_arn": "",
                "type": "redirect"
              }
            ],
            "id": "arn:aws:elasticloadbalancing:us-east-1:277322917179:listener/app/petclinic-rancher-alb-oliver/7262cdda6d4fde2a/5a0ef3e909326348",
            "load_balancer_arn": "arn:aws:elasticloadbalancing:us-east-1:277322917179:loadbalancer/app/petclinic-rancher-alb-oliver/7262cdda6d4fde2a",
            "port": 80,
            "protocol": "HTTP",
            "ssl_policy": "",
            "tags": null,
            "tags_all": {},
            "timeouts": null
          },
          "sensitive_attributes": [],
          "private": "eyJlMmJmYjczMC1lY2FhLTExZTYtOGY4OC0zNDM2M2JjN2M0YzAiOnsicmVhZCI6NjAwMDAwMDAwMDAwfX0=",
          "dependencies": [
            "aws_lb.rancher-alb",
            "aws_security_group.rancher-alb"
          ]
        }
      ]
    },
    {
      "mode": "managed",
      "type": "aws_alb_target_group",
      "name": "rancher-tg",
      "provider": "provider[\"registry.terraform.io/hashicorp/aws\"]",
      "instances": [
        {
          "schema_version": 0,
          "attributes": {
            "arn": "arn:aws:elasticloadbalancing:us-east-1:277322917179:targetgroup/clarus-rancher-http-80-tg-oliver/47490d5d360cea49",
            "arn_suffix": "targetgroup/clarus-rancher-http-80-tg-oliver/47490d5d360cea49",
            "connection_termination": false,
            "deregistration_delay": "300",
            "health_check": [
              {
                "enabled": true,
                "healthy_threshold": 3,
                "interval": 10,
                "matcher": "200",
                "path": "/healthz",
                "port": "traffic-port",
                "protocol": "HTTP",
                "timeout": 5,
                "unhealthy_threshold": 3
              }
            ],
            "id": "arn:aws:elasticloadbalancing:us-east-1:277322917179:targetgroup/clarus-rancher-http-80-tg-oliver/47490d5d360cea49",
            "ip_address_type": "ipv4",
            "lambda_multi_value_headers_enabled": false,
            "load_balancing_algorithm_type": "round_robin",
            "load_balancing_cross_zone_enabled": "use_load_balancer_configuration",
            "name": "clarus-rancher-http-80-tg-oliver",
            "name_prefix": null,
            "port": 80,
            "preserve_client_ip": null,
            "protocol": "HTTP",
            "protocol_version": "HTTP1",
            "proxy_protocol_v2": false,
            "slow_start": 0,
            "stickiness": [
              {
                "cookie_duration": 86400,
                "cookie_name": "",
                "enabled": false,
                "type": "lb_cookie"
              }
            ],
            "tags": null,
            "tags_all": {},
            "target_failover": [
              {
                "on_deregistration": null,
                "on_unhealthy": null
              }
            ],
            "target_type": "instance",
            "vpc_id": "vpc-0b922ba241458b6ef"
          },
          "sensitive_attributes": [],
          "private": "bnVsbA=="
        }
      ]
    },
    {
      "mode": "managed",
      "type": "aws_alb_target_group_attachment",
      "name": "rancher-attach",
      "provider": "provider[\"registry.terraform.io/hashicorp/aws\"]",
      "instances": [
        {
          "schema_version": 0,
          "attributes": {
            "availability_zone": null,
            "id": "arn:aws:elasticloadbalancing:us-east-1:277322917179:targetgroup/clarus-rancher-http-80-tg-oliver/47490d5d360cea49-20230705195640428400000002",
            "port": null,
            "target_group_arn": "arn:aws:elasticloadbalancing:us-east-1:277322917179:targetgroup/clarus-rancher-http-80-tg-oliver/47490d5d360cea49",
            "target_id": "i-0b88f4efee4992b09"
          },
          "sensitive_attributes": [],
          "private": "bnVsbA==",
          "dependencies": [
            "aws_alb_target_group.rancher-tg",
            "aws_iam_instance_profile.profile_for_rancher",
            "aws_iam_role.role_for_rancher",
            "aws_instance.tf-rancher-server",
            "aws_key_pair.generated_key",
            "aws_security_group.rancher-alb",
            "aws_security_group.tf-rancher-sec-gr",
            "tls_private_key.example"
          ]
        }
      ]
    },
    {
      "mode": "managed",
      "type": "aws_iam_instance_profile",
      "name": "profile_for_rancher",
      "provider": "provider[\"registry.terraform.io/hashicorp/aws\"]",
      "instances": [
        {
          "schema_version": 0,
          "attributes": {
            "arn": "arn:aws:iam::277322917179:instance-profile/petclinic_role_rancher-oliver",
            "create_date": "2023-07-05T19:56:18Z",
            "id": "petclinic_role_rancher-oliver",
            "name": "petclinic_role_rancher-oliver",
            "name_prefix": "",
            "path": "/",
            "role": "petclinic_role_rancher-oliver",
            "tags": null,
            "tags_all": {},
            "unique_id": "AIPAUBEN34U5S2OMZ7VSB"
          },
          "sensitive_attributes": [],
          "private": "bnVsbA==",
          "dependencies": [
            "aws_iam_role.role_for_rancher"
          ]
        }
      ]
    },
    {
      "mode": "managed",
      "type": "aws_iam_policy",
      "name": "policy_for_rke-controlplane_role",
      "provider": "provider[\"registry.terraform.io/hashicorp/aws\"]",
      "instances": [
        {
          "schema_version": 0,
          "attributes": {
            "arn": "arn:aws:iam::277322917179:policy/petclinic_policy_for_rke-controlplane_role",
            "description": "",
            "id": "arn:aws:iam::277322917179:policy/petclinic_policy_for_rke-controlplane_role",
            "name": "petclinic_policy_for_rke-controlplane_role",
            "name_prefix": "",
            "path": "/",
            "policy": "{\"Statement\":[{\"Action\":[\"autoscaling:DescribeAutoScalingGroups\",\"autoscaling:DescribeLaunchConfigurations\",\"autoscaling:DescribeTags\",\"ec2:DescribeInstances\",\"ec2:DescribeRegions\",\"ec2:DescribeRouteTables\",\"ec2:DescribeSecurityGroups\",\"ec2:DescribeSubnets\",\"ec2:DescribeVolumes\",\"ec2:CreateSecurityGroup\",\"ec2:CreateTags\",\"ec2:CreateVolume\",\"ec2:ModifyInstanceAttribute\",\"ec2:ModifyVolume\",\"ec2:AttachVolume\",\"ec2:AuthorizeSecurityGroupIngress\",\"ec2:CreateRoute\",\"ec2:DeleteRoute\",\"ec2:DeleteSecurityGroup\",\"ec2:DeleteVolume\",\"ec2:DetachVolume\",\"ec2:RevokeSecurityGroupIngress\",\"ec2:DescribeVpcs\",\"elasticloadbalancing:AddTags\",\"elasticloadbalancing:AttachLoadBalancerToSubnets\",\"elasticloadbalancing:ApplySecurityGroupsToLoadBalancer\",\"elasticloadbalancing:CreateLoadBalancer\",\"elasticloadbalancing:CreateLoadBalancerPolicy\",\"elasticloadbalancing:CreateLoadBalancerListeners\",\"elasticloadbalancing:ConfigureHealthCheck\",\"elasticloadbalancing:DeleteLoadBalancer\",\"elasticloadbalancing:DeleteLoadBalancerListeners\",\"elasticloadbalancing:DescribeLoadBalancers\",\"elasticloadbalancing:DescribeLoadBalancerAttributes\",\"elasticloadbalancing:DetachLoadBalancerFromSubnets\",\"elasticloadbalancing:DeregisterInstancesFromLoadBalancer\",\"elasticloadbalancing:ModifyLoadBalancerAttributes\",\"elasticloadbalancing:RegisterInstancesWithLoadBalancer\",\"elasticloadbalancing:SetLoadBalancerPoliciesForBackendServer\",\"elasticloadbalancing:AddTags\",\"elasticloadbalancing:CreateListener\",\"elasticloadbalancing:CreateTargetGroup\",\"elasticloadbalancing:DeleteListener\",\"elasticloadbalancing:DeleteTargetGroup\",\"elasticloadbalancing:DescribeListeners\",\"elasticloadbalancing:DescribeLoadBalancerPolicies\",\"elasticloadbalancing:DescribeTargetGroups\",\"elasticloadbalancing:DescribeTargetHealth\",\"elasticloadbalancing:ModifyListener\",\"elasticloadbalancing:ModifyTargetGroup\",\"elasticloadbalancing:RegisterTargets\",\"elasticloadbalancing:SetLoadBalancerPoliciesOfListener\",\"iam:CreateServiceLinkedRole\",\"kms:DescribeKey\"],\"Effect\":\"Allow\",\"Resource\":[\"*\"]}],\"Version\":\"2012-10-17\"}",
            "policy_id": "ANPAUBEN34U53PYSKBFON",
            "tags": null,
            "tags_all": {}
          },
          "sensitive_attributes": [],
          "private": "bnVsbA=="
        }
      ]
    },
    {
      "mode": "managed",
      "type": "aws_iam_policy",
      "name": "policy_for_rke_etcd_worker_role",
      "provider": "provider[\"registry.terraform.io/hashicorp/aws\"]",
      "instances": [
        {
          "schema_version": 0,
          "attributes": {
            "arn": "arn:aws:iam::277322917179:policy/petclinic_policy_for_rke_etcd_worker_role",
            "description": "",
            "id": "arn:aws:iam::277322917179:policy/petclinic_policy_for_rke_etcd_worker_role",
            "name": "petclinic_policy_for_rke_etcd_worker_role",
            "name_prefix": "",
            "path": "/",
            "policy": "{\"Statement\":[{\"Action\":[\"ec2:DescribeInstances\",\"ec2:DescribeRegions\",\"ecr:GetAuthorizationToken\",\"ecr:BatchCheckLayerAvailability\",\"ecr:GetDownloadUrlForLayer\",\"ecr:GetRepositoryPolicy\",\"ecr:DescribeRepositories\",\"ecr:ListImages\",\"ecr:BatchGetImage\"],\"Effect\":\"Allow\",\"Resource\":\"*\"}],\"Version\":\"2012-10-17\"}",
            "policy_id": "ANPAUBEN34U53GPM36IFD",
            "tags": null,
            "tags_all": {}
          },
          "sensitive_attributes": [],
          "private": "bnVsbA=="
        }
      ]
    },
    {
      "mode": "managed",
      "type": "aws_iam_policy_attachment",
      "name": "attach_for_rancher1",
      "provider": "provider[\"registry.terraform.io/hashicorp/aws\"]",
      "instances": [
        {
          "schema_version": 0,
          "attributes": {
            "groups": null,
            "id": "petclinic_attachment_for_rancher_controlplane",
            "name": "petclinic_attachment_for_rancher_controlplane",
            "policy_arn": "arn:aws:iam::277322917179:policy/petclinic_policy_for_rke-controlplane_role",
            "roles": [
              "petclinic_role_rancher-oliver"
            ],
            "users": null
          },
          "sensitive_attributes": [],
          "private": "bnVsbA==",
          "dependencies": [
            "aws_iam_policy.policy_for_rke-controlplane_role",
            "aws_iam_role.role_for_rancher"
          ]
        }
      ]
    },
    {
      "mode": "managed",
      "type": "aws_iam_policy_attachment",
      "name": "attach_for_rancher2",
      "provider": "provider[\"registry.terraform.io/hashicorp/aws\"]",
      "instances": [
        {
          "schema_version": 0,
          "attributes": {
            "groups": null,
            "id": "petclinic_attachment_for_rancher_controlplane",
            "name": "petclinic_attachment_for_rancher_controlplane",
            "policy_arn": "arn:aws:iam::277322917179:policy/petclinic_policy_for_rke_etcd_worker_role",
            "roles": [
              "petclinic_role_rancher-oliver"
            ],
            "users": null
          },
          "sensitive_attributes": [],
          "private": "bnVsbA==",
          "dependencies": [
            "aws_iam_policy.policy_for_rke_etcd_worker_role",
            "aws_iam_role.role_for_rancher"
          ]
        }
      ]
    },
    {
      "mode": "managed",
      "type": "aws_iam_role",
      "name": "role_for_rancher",
      "provider": "provider[\"registry.terraform.io/hashicorp/aws\"]",
      "instances": [
        {
          "schema_version": 0,
          "attributes": {
            "arn": "arn:aws:iam::277322917179:role/petclinic_role_rancher-oliver",
            "assume_role_policy": "{\"Statement\":[{\"Action\":\"sts:AssumeRole\",\"Effect\":\"Allow\",\"Principal\":{\"Service\":\"ec2.amazonaws.com\"},\"Sid\":\"\"}],\"Version\":\"2012-10-17\"}",
            "create_date": "2023-07-05T19:56:18Z",
            "description": "",
            "force_detach_policies": false,
            "id": "petclinic_role_rancher-oliver",
            "inline_policy": [],
            "managed_policy_arns": [],
            "max_session_duration": 3600,
            "name": "petclinic_role_rancher-oliver",
            "name_prefix": "",
            "path": "/",
            "permissions_boundary": null,
            "role_last_used": [
              {
                "last_used_date": "",
                "region": ""
              }
            ],
            "tags": {
              "Name": "petclinic_role_controlplane_rke"
            },
            "tags_all": {
              "Name": "petclinic_role_controlplane_rke"
            },
            "unique_id": "AROAUBEN34U52PRN4HSBA"
          },
          "sensitive_attributes": [],
          "private": "bnVsbA=="
        }
      ]
    },
    {
      "mode": "managed",
      "type": "aws_instance",
      "name": "tf-rancher-server",
      "provider": "provider[\"registry.terraform.io/hashicorp/aws\"]",
      "instances": [
        {
          "schema_version": 1,
          "attributes": {
            "ami": "ami-0261755bbcb8c4a84",
            "arn": "arn:aws:ec2:us-east-1:277322917179:instance/i-0b88f4efee4992b09",
            "associate_public_ip_address": true,
            "availability_zone": "us-east-1a",
            "capacity_reservation_specification": [
              {
                "capacity_reservation_preference": "open",
                "capacity_reservation_target": []
              }
            ],
            "cpu_core_count": 1,
            "cpu_options": [
              {
                "amd_sev_snp": "",
                "core_count": 1,
                "threads_per_core": 2
              }
            ],
            "cpu_threads_per_core": 2,
            "credit_specification": [
              {
                "cpu_credits": "unlimited"
              }
            ],
            "disable_api_stop": false,
            "disable_api_termination": false,
            "ebs_block_device": [],
            "ebs_optimized": false,
            "enclave_options": [
              {
                "enabled": false
              }
            ],
            "ephemeral_block_device": [],
            "get_password_data": false,
            "hibernation": false,
            "host_id": "",
            "host_resource_group_arn": null,
            "iam_instance_profile": "petclinic_role_rancher-oliver",
            "id": "i-0b88f4efee4992b09",
            "instance_initiated_shutdown_behavior": "stop",
            "instance_state": "running",
            "instance_type": "t3a.medium",
            "ipv6_address_count": 0,
            "ipv6_addresses": [],
            "key_name": "petclinic-ranchertr",
            "launch_template": [],
            "maintenance_options": [
              {
                "auto_recovery": "default"
              }
            ],
            "metadata_options": [
              {
                "http_endpoint": "enabled",
                "http_put_response_hop_limit": 1,
                "http_tokens": "optional",
                "instance_metadata_tags": "disabled"
              }
            ],
            "monitoring": false,
            "network_interface": [],
            "outpost_arn": "",
            "password_data": "",
            "placement_group": "",
            "placement_partition_number": 0,
            "primary_network_interface_id": "eni-05842fa2c62eba053",
            "private_dns": "ip-172-31-89-113.ec2.internal",
            "private_dns_name_options": [
              {
                "enable_resource_name_dns_a_record": false,
                "enable_resource_name_dns_aaaa_record": false,
                "hostname_type": "ip-name"
              }
            ],
            "private_ip": "172.31.89.113",
            "public_dns": "ec2-3-83-116-90.compute-1.amazonaws.com",
            "public_ip": "3.83.116.90",
            "root_block_device": [
              {
                "delete_on_termination": true,
                "device_name": "/dev/sda1",
                "encrypted": false,
                "iops": 100,
                "kms_key_id": "",
                "tags": null,
                "throughput": 0,
                "volume_id": "vol-07cee2936fafbc6af",
                "volume_size": 16,
                "volume_type": "gp2"
              }
            ],
            "secondary_private_ips": [],
            "security_groups": [
              "rancher-server-sec-gr-oliver"
            ],
            "source_dest_check": true,
            "subnet_id": "subnet-0435d059f024d2820",
            "tags": {
              "Name": "petclinic-rancher-server",
              "kubernetes.io/cluster/petclinic-Rancher": "owned"
            },
            "tags_all": {
              "Name": "petclinic-rancher-server",
              "kubernetes.io/cluster/petclinic-Rancher": "owned"
            },
            "tenancy": "default",
            "timeouts": null,
            "user_data": "d1fbc89e74e60305b5c68b76affcfa91bb80eb66",
            "user_data_base64": null,
            "user_data_replace_on_change": false,
            "volume_tags": null,
            "vpc_security_group_ids": [
              "sg-08accf32fb8f01580"
            ]
          },
          "sensitive_attributes": [],
          "private": "eyJlMmJmYjczMC1lY2FhLTExZTYtOGY4OC0zNDM2M2JjN2M0YzAiOnsiY3JlYXRlIjo2MDAwMDAwMDAwMDAsImRlbGV0ZSI6MTIwMDAwMDAwMDAwMCwidXBkYXRlIjo2MDAwMDAwMDAwMDB9LCJzY2hlbWFfdmVyc2lvbiI6IjEifQ==",
          "dependencies": [
            "aws_iam_instance_profile.profile_for_rancher",
            "aws_iam_role.role_for_rancher",
            "aws_key_pair.generated_key",
            "aws_security_group.rancher-alb",
            "aws_security_group.tf-rancher-sec-gr",
            "tls_private_key.example"
          ]
        }
      ]
    },
    {
      "mode": "managed",
      "type": "aws_key_pair",
      "name": "generated_key",
      "provider": "provider[\"registry.terraform.io/hashicorp/aws\"]",
      "instances": [
        {
          "schema_version": 1,
          "attributes": {
            "arn": "arn:aws:ec2:us-east-1:277322917179:key-pair/petclinic-ranchertr",
            "fingerprint": "cd:83:5d:1a:4d:36:28:0c:bd:a6:89:5a:4d:39:d6:72",
            "id": "petclinic-ranchertr",
            "key_name": "petclinic-ranchertr",
            "key_name_prefix": "",
            "key_pair_id": "key-0c7e28d5d26fbe370",
            "key_type": "rsa",
            "public_key": "ssh-rsa AAAAB3NzaC1yc2EAAAADAQABAAACAQCZWzfe+332l3PvGcfs55FWjItriZ5ZhI5zoLvdrmOVeLUS9kb6rhJTDZXWIz9J6S6Mk5C1Szm54vo9ac+Nl0qhIYptWbRYxQkB7cR1v8XsWqcffGwu9XX+lTAAMjC+n5hLIqpgB2w2K6GWzSUO52X6wpw2rU9lk9GLh0LB2Sg5yD1xlWxGRxa1CQjph+u6BZY+g6+cXqEqlRb1yuKGNfptE+ndzSvz/fBjjzbGnyWztyGpsZKQBj1m9fK/h0jK56xg2GcIY7lRJzJmoTZjCbULeUUqkEbI5VAdaQloAtSE/GN6wHayr3q4JwPJwsW+sjfLAlG8KS2LEjz7T+0HEINvQJehTv5fTYCuKLFUo8ds6g1WHlz5/PML7jowkHqDL3ceIwIjKMhH8tu2gW5gEmhAPwaq67TtBbotlUZ4xuCoXs5Q2PLwi4C4KRk5o/z2Je+yTLDm1IrE0zBGjFHLJUDKMlFW6JUP5NicYosNPVxxStA1WlQhVLQoet4bdj7KsEK4EvcJ8sjyw0BATZdm160Z5gFHKNFhTIvG4tR+YmzUhmicAdcn8yywIz73cihVlLhhHz2GmjthTfgXJGFdz9iyj7Z+AaHoHCnz1kI82K5pMoZcag8D3jJEeWn2ZEkeLqSDqbahlwVi7W8ij/pKjugZ6AFwi4ASW/HWTU6QEsYt7Q==",
            "tags": null,
            "tags_all": {}
          },
          "sensitive_attributes": [],
          "private": "eyJzY2hlbWFfdmVyc2lvbiI6IjEifQ==",
          "dependencies": [
            "tls_private_key.example"
          ]
        }
      ]
    },
    {
      "mode": "managed",
      "type": "aws_lb",
      "name": "rancher-alb",
      "provider": "provider[\"registry.terraform.io/hashicorp/aws\"]",
      "instances": [
        {
          "schema_version": 0,
          "attributes": {
            "access_logs": [
              {
                "bucket": "",
                "enabled": false,
                "prefix": ""
              }
            ],
            "arn": "arn:aws:elasticloadbalancing:us-east-1:277322917179:loadbalancer/app/petclinic-rancher-alb-oliver/7262cdda6d4fde2a",
            "arn_suffix": "app/petclinic-rancher-alb-oliver/7262cdda6d4fde2a",
            "customer_owned_ipv4_pool": "",
            "desync_mitigation_mode": "defensive",
            "dns_name": "petclinic-rancher-alb-oliver-1612463701.us-east-1.elb.amazonaws.com",
            "drop_invalid_header_fields": false,
            "enable_cross_zone_load_balancing": true,
            "enable_deletion_protection": false,
            "enable_http2": true,
            "enable_tls_version_and_cipher_suite_headers": false,
            "enable_waf_fail_open": false,
            "enable_xff_client_port": false,
            "id": "arn:aws:elasticloadbalancing:us-east-1:277322917179:loadbalancer/app/petclinic-rancher-alb-oliver/7262cdda6d4fde2a",
            "idle_timeout": 60,
            "internal": false,
            "ip_address_type": "ipv4",
            "load_balancer_type": "application",
            "name": "petclinic-rancher-alb-oliver",
            "name_prefix": null,
            "preserve_host_header": false,
            "security_groups": [
              "sg-0d741b5ca43626c21"
            ],
            "subnet_mapping": [
              {
                "allocation_id": "",
                "ipv6_address": "",
                "outpost_id": "",
                "private_ipv4_address": "",
                "subnet_id": "subnet-0435d059f024d2820"
              },
              {
                "allocation_id": "",
                "ipv6_address": "",
                "outpost_id": "",
                "private_ipv4_address": "",
                "subnet_id": "subnet-096b37cf905f40c46"
              },
              {
                "allocation_id": "",
                "ipv6_address": "",
                "outpost_id": "",
                "private_ipv4_address": "",
                "subnet_id": "subnet-0f4aaa14d748c3b42"
              }
            ],
            "subnets": [
              "subnet-0435d059f024d2820",
              "subnet-096b37cf905f40c46",
              "subnet-0f4aaa14d748c3b42"
            ],
            "tags": null,
            "tags_all": {},
            "timeouts": null,
            "vpc_id": "vpc-0b922ba241458b6ef",
            "xff_header_processing_mode": "append",
            "zone_id": "Z35SXDOTRQ7X7K"
          },
          "sensitive_attributes": [],
          "private": "eyJlMmJmYjczMC1lY2FhLTExZTYtOGY4OC0zNDM2M2JjN2M0YzAiOnsiY3JlYXRlIjo2MDAwMDAwMDAwMDAsImRlbGV0ZSI6NjAwMDAwMDAwMDAwLCJ1cGRhdGUiOjYwMDAwMDAwMDAwMH19",
          "dependencies": [
            "aws_security_group.rancher-alb"
          ]
        }
      ]
    },
    {
      "mode": "managed",
      "type": "aws_route53_record",
      "name": "arecord",
      "provider": "provider[\"registry.terraform.io/hashicorp/aws\"]",
      "instances": [
        {
          "schema_version": 2,
          "attributes": {
            "alias": [
              {
                "evaluate_target_health": true,
                "name": "petclinic-rancher-alb-oliver-1612463701.us-east-1.elb.amazonaws.com",
                "zone_id": "Z35SXDOTRQ7X7K"
              }
            ],
            "allow_overwrite": null,
            "cidr_routing_policy": [],
            "failover_routing_policy": [],
            "fqdn": "ranchero.ibrahimu.net",
            "geolocation_routing_policy": [],
            "health_check_id": "",
            "id": "Z02125032QH4SG2LG751G_ranchero.ibrahimu.net_A",
            "latency_routing_policy": [],
            "multivalue_answer_routing_policy": false,
            "name": "ranchero.ibrahimu.net",
            "records": null,
            "set_identifier": "",
            "ttl": 0,
            "type": "A",
            "weighted_routing_policy": [],
            "zone_id": "Z02125032QH4SG2LG751G"
          },
          "sensitive_attributes": [],
          "private": "eyJzY2hlbWFfdmVyc2lvbiI6IjIifQ==",
          "dependencies": [
            "aws_lb.rancher-alb",
            "aws_security_group.rancher-alb",
            "data.aws_route53_zone.dns"
          ]
        }
      ]
    },
    {
      "mode": "managed",
      "type": "aws_security_group",
      "name": "rancher-alb",
      "provider": "provider[\"registry.terraform.io/hashicorp/aws\"]",
      "instances": [
        {
          "schema_version": 1,
          "attributes": {
            "arn": "arn:aws:ec2:us-east-1:277322917179:security-group/sg-0d741b5ca43626c21",
            "description": "Managed by Terraform",
            "egress": [
              {
                "cidr_blocks": [
                  "0.0.0.0/0"
                ],
                "description": "",
                "from_port": 0,
                "ipv6_cidr_blocks": [],
                "prefix_list_ids": [],
                "protocol": "-1",
                "security_groups": [],
                "self": false,
                "to_port": 0
              }
            ],
            "id": "sg-0d741b5ca43626c21",
            "ingress": [
              {
                "cidr_blocks": [
                  "0.0.0.0/0"
                ],
                "description": "",
                "from_port": 443,
                "ipv6_cidr_blocks": [],
                "prefix_list_ids": [],
                "protocol": "tcp",
                "security_groups": [],
                "self": false,
                "to_port": 443
              },
              {
                "cidr_blocks": [
                  "0.0.0.0/0"
                ],
                "description": "",
                "from_port": 80,
                "ipv6_cidr_blocks": [],
                "prefix_list_ids": [],
                "protocol": "tcp",
                "security_groups": [],
                "self": false,
                "to_port": 80
              }
            ],
            "name": "petclinicdt-rancher-alb-sec-gr",
            "name_prefix": "",
            "owner_id": "277322917179",
            "revoke_rules_on_delete": false,
            "tags": {
              "Name": "petclinicdt-rancher-alb-sec-gr",
              "kubernetes.io/cluster/petclinic-Rancher": "owned"
            },
            "tags_all": {
              "Name": "petclinicdt-rancher-alb-sec-gr",
              "kubernetes.io/cluster/petclinic-Rancher": "owned"
            },
            "timeouts": null,
            "vpc_id": "vpc-0b922ba241458b6ef"
          },
          "sensitive_attributes": [],
          "private": "eyJlMmJmYjczMC1lY2FhLTExZTYtOGY4OC0zNDM2M2JjN2M0YzAiOnsiY3JlYXRlIjo2MDAwMDAwMDAwMDAsImRlbGV0ZSI6OTAwMDAwMDAwMDAwfSwic2NoZW1hX3ZlcnNpb24iOiIxIn0="
        }
      ]
    },
    {
      "mode": "managed",
      "type": "aws_security_group",
      "name": "tf-rancher-sec-gr",
      "provider": "provider[\"registry.terraform.io/hashicorp/aws\"]",
      "instances": [
        {
          "schema_version": 1,
          "attributes": {
            "arn": "arn:aws:ec2:us-east-1:277322917179:security-group/sg-08accf32fb8f01580",
            "description": "Managed by Terraform",
            "egress": [
              {
                "cidr_blocks": [
                  "0.0.0.0/0"
                ],
                "description": "",
                "from_port": 0,
                "ipv6_cidr_blocks": [],
                "prefix_list_ids": [],
                "protocol": "-1",
                "security_groups": [],
                "self": false,
                "to_port": 0
              },
              {
                "cidr_blocks": [
                  "0.0.0.0/0"
                ],
                "description": "",
                "from_port": 22,
                "ipv6_cidr_blocks": [],
                "prefix_list_ids": [],
                "protocol": "tcp",
                "security_groups": [],
                "self": false,
                "to_port": 22
              },
              {
                "cidr_blocks": [
                  "0.0.0.0/0"
                ],
                "description": "",
                "from_port": 2376,
                "ipv6_cidr_blocks": [],
                "prefix_list_ids": [],
                "protocol": "tcp",
                "security_groups": [],
                "self": false,
                "to_port": 2376
              },
              {
                "cidr_blocks": [
                  "0.0.0.0/0"
                ],
                "description": "",
                "from_port": 80,
                "ipv6_cidr_blocks": [],
                "prefix_list_ids": [],
                "protocol": "tcp",
                "security_groups": [],
                "self": false,
                "to_port": 80
              },
              {
                "cidr_blocks": [
                  "35.167.242.46/32",
                  "52.33.59.17/32",
                  "35.160.43.145/32"
                ],
                "description": "",
                "from_port": 443,
                "ipv6_cidr_blocks": [],
                "prefix_list_ids": [],
                "protocol": "tcp",
                "security_groups": [],
                "self": false,
                "to_port": 443
              },
              {
                "cidr_blocks": [],
                "description": "",
                "from_port": 0,
                "ipv6_cidr_blocks": [],
                "prefix_list_ids": [],
                "protocol": "-1",
                "security_groups": [],
                "self": true,
                "to_port": 0
              }
            ],
            "id": "sg-08accf32fb8f01580",
            "ingress": [
              {
                "cidr_blocks": [
                  "0.0.0.0/0"
                ],
                "description": "",
                "from_port": 22,
                "ipv6_cidr_blocks": [],
                "prefix_list_ids": [],
                "protocol": "tcp",
                "security_groups": [],
                "self": false,
                "to_port": 22
              },
              {
                "cidr_blocks": [
                  "0.0.0.0/0"
                ],
                "description": "",
                "from_port": 443,
                "ipv6_cidr_blocks": [],
                "prefix_list_ids": [],
                "protocol": "tcp",
                "security_groups": [],
                "self": false,
                "to_port": 443
              },
              {
                "cidr_blocks": [
                  "0.0.0.0/0"
                ],
                "description": "",
                "from_port": 6443,
                "ipv6_cidr_blocks": [],
                "prefix_list_ids": [],
                "protocol": "tcp",
                "security_groups": [],
                "self": false,
                "to_port": 6443
              },
              {
                "cidr_blocks": [],
                "description": "",
                "from_port": 0,
                "ipv6_cidr_blocks": [],
                "prefix_list_ids": [],
                "protocol": "-1",
                "security_groups": [],
                "self": true,
                "to_port": 0
              },
              {
                "cidr_blocks": [],
                "description": "",
                "from_port": 80,
                "ipv6_cidr_blocks": [],
                "prefix_list_ids": [],
                "protocol": "tcp",
                "security_groups": [
                  "sg-0d741b5ca43626c21"
                ],
                "self": false,
                "to_port": 80
              }
            ],
            "name": "rancher-server-sec-gr-oliver",
            "name_prefix": "",
            "owner_id": "277322917179",
            "revoke_rules_on_delete": false,
            "tags": {
              "Name": "rancher-server-sec-gr-oliver",
              "kubernetes.io/cluster/petclinic-Rancher": "owned"
            },
            "tags_all": {
              "Name": "rancher-server-sec-gr-oliver",
              "kubernetes.io/cluster/petclinic-Rancher": "owned"
            },
            "timeouts": null,
            "vpc_id": "vpc-0b922ba241458b6ef"
          },
          "sensitive_attributes": [],
          "private": "eyJlMmJmYjczMC1lY2FhLTExZTYtOGY4OC0zNDM2M2JjN2M0YzAiOnsiY3JlYXRlIjo2MDAwMDAwMDAwMDAsImRlbGV0ZSI6OTAwMDAwMDAwMDAwfSwic2NoZW1hX3ZlcnNpb24iOiIxIn0=",
          "dependencies": [
            "aws_security_group.rancher-alb"
          ]
        }
      ]
    },
    {
      "mode": "managed",
      "type": "null_resource",
      "name": "privatekey",
      "provider": "provider[\"registry.terraform.io/hashicorp/null\"]",
      "instances": [
        {
          "status": "tainted",
          "schema_version": 0,
          "attributes": {
            "id": "3432556947417436424",
            "triggers": null
          },
          "sensitive_attributes": [],
          "dependencies": [
            "tls_private_key.example"
          ]
        }
      ]
    },
    {
      "mode": "managed",
      "type": "tls_private_key",
      "name": "example",
      "provider": "provider[\"registry.terraform.io/hashicorp/tls\"]",
      "instances": [
        {
          "schema_version": 1,
          "attributes": {
            "algorithm": "RSA",
            "ecdsa_curve": "P224",
            "id": "3f29ee308889dd7786bbe0ecbb6a8e2e1f1ba562",
            "private_key_openssh": "-----BEGIN OPENSSH PRIVATE KEY-----\nb3BlbnNzaC1rZXktdjEAAAAABG5vbmUAAAAEbm9uZQAAAAAAAAABAAACFwAAAAdz\nc2gtcnNhAAAAAwEAAQAAAgEAmVs33vt99pdz7xnH7OeRVoyLa4meWYSOc6C73a5j\nlXi1EvZG+q4SUw2V1iM/SekujJOQtUs5ueL6PWnPjZdKoSGKbVm0WMUJAe3Edb/F\n7FqnH3xsLvV1/pUwADIwvp+YSyKqYAdsNiuhls0lDudl+sKcNq1PZZPRi4dCwdko\nOcg9cZVsRkcWtQkI6YfrugWWPoOvnF6hKpUW9crihjX6bRPp3c0r8/3wY482xp8l\ns7chqbGSkAY9ZvXyv4dIyuesYNhnCGO5UScyZqE2Ywm1C3lFKpBGyOVQHWkJaALU\nhPxjesB2sq96uCcDycLFvrI3ywJRvCktixI8+0/tBxCDb0CXoU7+X02AriixVKPH\nbOoNVh5c+fzzC+46MJB6gy93HiMCIyjIR/LbtoFuYBJoQD8Gquu07QW6LZVGeMbg\nqF7OUNjy8IuAuCkZOaP89iXvskyw5tSKxNMwRoxRyyVAyjJRVuiVD+TYnGKLDT1c\ncUrQNVpUIVS0KHreG3Y+yrBCuBL3CfLI8sNAQE2XZtetGeYBRyjRYUyLxuLUfmJs\n1IZonAHXJ/MssCM+93IoVZS4YR89hpo7YU34FyRhXc/Yso+2fgGh6Bwp89ZCPNiu\naTKGXGoPA94yRHlp9mRJHi6kg6m2oZcFYu1vIo/6So7oGegBcIuAElvx1k1OkBLG\nLe0AAAc4MHZylDB2cpQAAAAHc3NoLXJzYQAAAgEAmVs33vt99pdz7xnH7OeRVoyL\na4meWYSOc6C73a5jlXi1EvZG+q4SUw2V1iM/SekujJOQtUs5ueL6PWnPjZdKoSGK\nbVm0WMUJAe3Edb/F7FqnH3xsLvV1/pUwADIwvp+YSyKqYAdsNiuhls0lDudl+sKc\nNq1PZZPRi4dCwdkoOcg9cZVsRkcWtQkI6YfrugWWPoOvnF6hKpUW9crihjX6bRPp\n3c0r8/3wY482xp8ls7chqbGSkAY9ZvXyv4dIyuesYNhnCGO5UScyZqE2Ywm1C3lF\nKpBGyOVQHWkJaALUhPxjesB2sq96uCcDycLFvrI3ywJRvCktixI8+0/tBxCDb0CX\noU7+X02AriixVKPHbOoNVh5c+fzzC+46MJB6gy93HiMCIyjIR/LbtoFuYBJoQD8G\nquu07QW6LZVGeMbgqF7OUNjy8IuAuCkZOaP89iXvskyw5tSKxNMwRoxRyyVAyjJR\nVuiVD+TYnGKLDT1ccUrQNVpUIVS0KHreG3Y+yrBCuBL3CfLI8sNAQE2XZtetGeYB\nRyjRYUyLxuLUfmJs1IZonAHXJ/MssCM+93IoVZS4YR89hpo7YU34FyRhXc/Yso+2\nfgGh6Bwp89ZCPNiuaTKGXGoPA94yRHlp9mRJHi6kg6m2oZcFYu1vIo/6So7oGegB\ncIuAElvx1k1OkBLGLe0AAAADAQABAAACAECwbs/7rDXhy0C30lLHl9I3dPRG1+oQ\n9Xom+jhXwKAji9ZU1roVxZsNJwBuW9sUptMbyDYBZndYHJDdWnTytcNkf50C8wVj\nEBqlLnMxEw9Rah/o/0WLu1tJmTbr9Q3kCnzfQZlCaE4td3tCS/iOecEeaIDT+KLz\niLfftbRJoyNEqU6JZmP6xsRU7FJ+SFxu0OLL7775V+i7fTTvgUB18o4ikUtDqd/B\nZa7JkaSVK3U0sdmAEz/3sd0FsIFEUttsgJVVk5jBYEGwVB1gsa1zQdB2NkvvEjza\nJkJRtWsPjpAOWvRDzY4wYYbexkVMiNeZG9nhv5KsmA6LAfhMzcJmH9qd7TIGEOOL\nL0dezNj2qQoq00TN7BwFRu404kseHdq1RRl7NzmMX8jdaVMXbrehGu3lTOqqgAyF\nTzA5vFXP40iqGwPGvpddpkdGYUdkMVJgdYzmNlKmg86m5RJzlzWoMpB8Qji7MxRu\n3UMstc6WO99vu02jwrCGFZY81k7y+NLY0Gp/9ve9Xr8mIs43kSBZVBUD8NfImTvi\nkO8NDSY6zJgpa1o3r0RYs/JanxHAi6HBqL6CQMu+cS+07f2l9TlgxHmrY8jYmdMf\nh/bj8ddkaAjUC+TkLzaaltdm0DbY6E6yFr2G0P7eZ/dvoZxwroPC+wzz96SjwG2z\nVzajSqwWK2bNAAABAEujwnpGLZNwAFMtSsETezfNyuJlg7iUYBzNXt6AxB2zaNE9\n42Kgxf9e2xsTpBO1Gbm7ayVihUs0UpsQFLNvv0cvdcgiAFnA7s1SG7Wn7l7D+1Cb\nOnyk1uDC5sbRayfmaCXQs+Fc6k/WfrlaCoU3uakzSuewy6gneBbLbmWRNxyQ9ya0\nKzWOLewGzwyZbYK0hk8N/UOsQJ140AOB5UMDHmeKnh1058b1w58n4ReDvQ+wktvL\nkTvif3tMGUaZwu3rDM4aG/O+GVw4xSIgiikhWHqZYbiKwKtjeglPz6ZnHQjvQnB9\nw6EiHDqHjBI415WJka76kAhM/xEkh1Mq/d9BqWkAAAEBAMTVdL2rTKetTxSyRJ6f\nVyoWMmuMO6a4j4ce9TATnYVkRhrF5KsNU1cfWUpbXy2Vov6NxAqHE0y295CvKmEE\n5V4cfvuOEVr8ujsMz3ke6cRH2seFITr3diU4O82LmFhoPWKjuQroWk7XtNq4vBTe\nLMJ5FK/YXCVjeNITnLIX/H610h2DRGj9AQj01ch+2Kjs36U157LaYNwsmvOSOGTy\n1q7lfmYpZzei43lUC0GFt3oXBEgG6e2G1z9CsdwDCPESzW3Jp+30LQY1602NZMIV\nmv81s3USqSs6Q2lNVOvuLVZuFhTlLD8Q+AkkRM8t3c4jSUyfeohs6yLPLxVPZzea\n3DsAAAEBAMd0IQlGBPz5xMFM13tFbq1sG/lCT9lasEyLFi79S3FY1dNHUlIx2IeH\nNJ7RmQEsJtkVSh409lCpTFOc6bMgDRJr9iFXqmm88Xf+V1sBQChakidcyahLhS3R\nlLUvCBaL2aeQwKTA6Mu05VOtW0d+Cgxk5OisH+2hj/Ugp5eVg3nQpxi6wRl3FBDc\nJpeo2YBbi/mHW9q+gBfyempc6/14CbtdjzQUZLHxIly6vO3de3fLD2DrfiaNbCxr\nFf8tMYYbe866CqATmKS+5z6EAvhizoO5ejz7vF5yOv+Tmbo42SJ3dQo5aGJ+lQeZ\n9R0yp25C99LyrxydLrnkEDKauCHlA/cAAAAAAQID\n-----END OPENSSH PRIVATE KEY-----\n",
            "private_key_pem": "-----BEGIN RSA PRIVATE KEY-----\nMIIJKAIBAAKCAgEAmVs33vt99pdz7xnH7OeRVoyLa4meWYSOc6C73a5jlXi1EvZG\n+q4SUw2V1iM/SekujJOQtUs5ueL6PWnPjZdKoSGKbVm0WMUJAe3Edb/F7FqnH3xs\nLvV1/pUwADIwvp+YSyKqYAdsNiuhls0lDudl+sKcNq1PZZPRi4dCwdkoOcg9cZVs\nRkcWtQkI6YfrugWWPoOvnF6hKpUW9crihjX6bRPp3c0r8/3wY482xp8ls7chqbGS\nkAY9ZvXyv4dIyuesYNhnCGO5UScyZqE2Ywm1C3lFKpBGyOVQHWkJaALUhPxjesB2\nsq96uCcDycLFvrI3ywJRvCktixI8+0/tBxCDb0CXoU7+X02AriixVKPHbOoNVh5c\n+fzzC+46MJB6gy93HiMCIyjIR/LbtoFuYBJoQD8Gquu07QW6LZVGeMbgqF7OUNjy\n8IuAuCkZOaP89iXvskyw5tSKxNMwRoxRyyVAyjJRVuiVD+TYnGKLDT1ccUrQNVpU\nIVS0KHreG3Y+yrBCuBL3CfLI8sNAQE2XZtetGeYBRyjRYUyLxuLUfmJs1IZonAHX\nJ/MssCM+93IoVZS4YR89hpo7YU34FyRhXc/Yso+2fgGh6Bwp89ZCPNiuaTKGXGoP\nA94yRHlp9mRJHi6kg6m2oZcFYu1vIo/6So7oGegBcIuAElvx1k1OkBLGLe0CAwEA\nAQKCAgBAsG7P+6w14ctAt9JSx5fSN3T0RtfqEPV6Jvo4V8CgI4vWVNa6FcWbDScA\nblvbFKbTG8g2AWZ3WByQ3Vp08rXDZH+dAvMFYxAapS5zMRMPUWof6P9Fi7tbSZk2\n6/UN5Ap830GZQmhOLXd7Qkv4jnnBHmiA0/ii84i337W0SaMjRKlOiWZj+sbEVOxS\nfkhcbtDiy++++Vfou30074FAdfKOIpFLQ6nfwWWuyZGklSt1NLHZgBM/97HdBbCB\nRFLbbICVVZOYwWBBsFQdYLGtc0HQdjZL7xI82iZCUbVrD46QDlr0Q82OMGGG3sZF\nTIjXmRvZ4b+SrJgOiwH4TM3CZh/ane0yBhDjiy9HXszY9qkKKtNEzewcBUbuNOJL\nHh3atUUZezc5jF/I3WlTF263oRrt5UzqqoAMhU8wObxVz+NIqhsDxr6XXaZHRmFH\nZDFSYHWM5jZSpoPOpuUSc5c1qDKQfEI4uzMUbt1DLLXOljvfb7tNo8KwhhWWPNZO\n8vjS2NBqf/b3vV6/JiLON5EgWVQVA/DXyJk74pDvDQ0mOsyYKWtaN69EWLPyWp8R\nwIuhwai+gkDLvnEvtO39pfU5YMR5q2PI2JnTH4f24/HXZGgI1Avk5C82mpbXZtA2\n2OhOsha9htD+3mf3b6GccK6DwvsM8/eko8Bts1c2o0qsFitmzQKCAQEAxNV0vatM\np61PFLJEnp9XKhYya4w7priPhx71MBOdhWRGGsXkqw1TVx9ZSltfLZWi/o3ECocT\nTLb3kK8qYQTlXhx++44RWvy6OwzPeR7pxEfax4UhOvd2JTg7zYuYWGg9YqO5Cuha\nTte02ri8FN4swnkUr9hcJWN40hOcshf8frXSHYNEaP0BCPTVyH7YqOzfpTXnstpg\n3Cya85I4ZPLWruV+ZilnN6LjeVQLQYW3ehcESAbp7YbXP0Kx3AMI8RLNbcmn7fQt\nBjXrTY1kwhWa/zWzdRKpKzpDaU1U6+4tVm4WFOUsPxD4CSREzy3dziNJTJ96iGzr\nIs8vFU9nN5rcOwKCAQEAx3QhCUYE/PnEwUzXe0VurWwb+UJP2VqwTIsWLv1LcVjV\n00dSUjHYh4c0ntGZASwm2RVKHjT2UKlMU5zpsyANEmv2IVeqabzxd/5XWwFAKFqS\nJ1zJqEuFLdGUtS8IFovZp5DApMDoy7TlU61bR34KDGTk6Kwf7aGP9SCnl5WDedCn\nGLrBGXcUENwml6jZgFuL+Ydb2r6AF/J6alzr/XgJu12PNBRksfEiXLq87d17d8sP\nYOt+Jo1sLGsV/y0xhht7zroKoBOYpL7nPoQC+GLOg7l6PPu8XnI6/5OZujjZInd1\nCjloYn6VB5n1HTKnbkL30vKvHJ0uueQQMpq4IeUD9wKCAQBtqcNV3PdjQDKcBEoo\n2fu1LhK/Sqz9UTxd+sh+FZ+gbuKEDhc9mboCAyw7OjcH7aOXESLU/rao+hNp373L\nue+UhGnW+yr+N2oGdjetcqSpP6NLoAeIk9CWIgNnnEuvjbwNlcwFoLiXzqQra9sW\nAUaMvurgobmM9yOcX2Lg8m4xplk/KiBWIgeOluH4x3ssenSL1kGVqwdmA8/8vk1/\nKLClVqUahBzGqZD0yvdOdRJpCiPPgVKZjJOl4iG3w1UbAu/DKCPQdkcTe7zyQ0GM\nxH7Li37FTjVEKTzfkT8sB1HpIoJY9+mz5V9bsIJJr3MxYwV2lC+vjIdgqG/B/rAy\nEax7AoIBAQCgVYc1GDdsUTBMn4PdEXyeJnj6T8c2l8N/VJO5pF6gOGRzWjMf5fgF\nQrgXL7CKk76K5aVWUQbs4pt733iySQKZG3aZaQqRw5Rs/GWmv4OerOguglWNV2Aw\n6/haCfu7fCK0pBVom7bIApwTPxlQiE51lim5rJxh/21lBSIUJdmx8/xPUdlmqiXU\nQ9U2N0LY/z6vkZNSba81EPQ9SoNel79jAhvbJsWnkYso9ehoYpIdQ3wSUlxvi2I4\n9sCRB/h2sOM+1Kkz82zSirADvkVQ/MS8eT59hXPwjG1HBJUgcRCDt3m7hViXTOBq\nYuX62bxkU6s6xWHlY6mrP12SAHQisyITAoIBAEujwnpGLZNwAFMtSsETezfNyuJl\ng7iUYBzNXt6AxB2zaNE942Kgxf9e2xsTpBO1Gbm7ayVihUs0UpsQFLNvv0cvdcgi\nAFnA7s1SG7Wn7l7D+1CbOnyk1uDC5sbRayfmaCXQs+Fc6k/WfrlaCoU3uakzSuew\ny6gneBbLbmWRNxyQ9ya0KzWOLewGzwyZbYK0hk8N/UOsQJ140AOB5UMDHmeKnh10\n58b1w58n4ReDvQ+wktvLkTvif3tMGUaZwu3rDM4aG/O+GVw4xSIgiikhWHqZYbiK\nwKtjeglPz6ZnHQjvQnB9w6EiHDqHjBI415WJka76kAhM/xEkh1Mq/d9BqWk=\n-----END RSA PRIVATE KEY-----\n",
            "private_key_pem_pkcs8": "-----BEGIN PRIVATE KEY-----\nMIIJQgIBADANBgkqhkiG9w0BAQEFAASCCSwwggkoAgEAAoICAQCZWzfe+332l3Pv\nGcfs55FWjItriZ5ZhI5zoLvdrmOVeLUS9kb6rhJTDZXWIz9J6S6Mk5C1Szm54vo9\nac+Nl0qhIYptWbRYxQkB7cR1v8XsWqcffGwu9XX+lTAAMjC+n5hLIqpgB2w2K6GW\nzSUO52X6wpw2rU9lk9GLh0LB2Sg5yD1xlWxGRxa1CQjph+u6BZY+g6+cXqEqlRb1\nyuKGNfptE+ndzSvz/fBjjzbGnyWztyGpsZKQBj1m9fK/h0jK56xg2GcIY7lRJzJm\noTZjCbULeUUqkEbI5VAdaQloAtSE/GN6wHayr3q4JwPJwsW+sjfLAlG8KS2LEjz7\nT+0HEINvQJehTv5fTYCuKLFUo8ds6g1WHlz5/PML7jowkHqDL3ceIwIjKMhH8tu2\ngW5gEmhAPwaq67TtBbotlUZ4xuCoXs5Q2PLwi4C4KRk5o/z2Je+yTLDm1IrE0zBG\njFHLJUDKMlFW6JUP5NicYosNPVxxStA1WlQhVLQoet4bdj7KsEK4EvcJ8sjyw0BA\nTZdm160Z5gFHKNFhTIvG4tR+YmzUhmicAdcn8yywIz73cihVlLhhHz2GmjthTfgX\nJGFdz9iyj7Z+AaHoHCnz1kI82K5pMoZcag8D3jJEeWn2ZEkeLqSDqbahlwVi7W8i\nj/pKjugZ6AFwi4ASW/HWTU6QEsYt7QIDAQABAoICAECwbs/7rDXhy0C30lLHl9I3\ndPRG1+oQ9Xom+jhXwKAji9ZU1roVxZsNJwBuW9sUptMbyDYBZndYHJDdWnTytcNk\nf50C8wVjEBqlLnMxEw9Rah/o/0WLu1tJmTbr9Q3kCnzfQZlCaE4td3tCS/iOecEe\naIDT+KLziLfftbRJoyNEqU6JZmP6xsRU7FJ+SFxu0OLL7775V+i7fTTvgUB18o4i\nkUtDqd/BZa7JkaSVK3U0sdmAEz/3sd0FsIFEUttsgJVVk5jBYEGwVB1gsa1zQdB2\nNkvvEjzaJkJRtWsPjpAOWvRDzY4wYYbexkVMiNeZG9nhv5KsmA6LAfhMzcJmH9qd\n7TIGEOOLL0dezNj2qQoq00TN7BwFRu404kseHdq1RRl7NzmMX8jdaVMXbrehGu3l\nTOqqgAyFTzA5vFXP40iqGwPGvpddpkdGYUdkMVJgdYzmNlKmg86m5RJzlzWoMpB8\nQji7MxRu3UMstc6WO99vu02jwrCGFZY81k7y+NLY0Gp/9ve9Xr8mIs43kSBZVBUD\n8NfImTvikO8NDSY6zJgpa1o3r0RYs/JanxHAi6HBqL6CQMu+cS+07f2l9TlgxHmr\nY8jYmdMfh/bj8ddkaAjUC+TkLzaaltdm0DbY6E6yFr2G0P7eZ/dvoZxwroPC+wzz\n96SjwG2zVzajSqwWK2bNAoIBAQDE1XS9q0ynrU8UskSen1cqFjJrjDumuI+HHvUw\nE52FZEYaxeSrDVNXH1lKW18tlaL+jcQKhxNMtveQryphBOVeHH77jhFa/Lo7DM95\nHunER9rHhSE693YlODvNi5hYaD1io7kK6FpO17TauLwU3izCeRSv2FwlY3jSE5yy\nF/x+tdIdg0Ro/QEI9NXIftio7N+lNeey2mDcLJrzkjhk8tau5X5mKWc3ouN5VAtB\nhbd6FwRIBunthtc/QrHcAwjxEs1tyaft9C0GNetNjWTCFZr/NbN1EqkrOkNpTVTr\n7i1WbhYU5Sw/EPgJJETPLd3OI0lMn3qIbOsizy8VT2c3mtw7AoIBAQDHdCEJRgT8\n+cTBTNd7RW6tbBv5Qk/ZWrBMixYu/UtxWNXTR1JSMdiHhzSe0ZkBLCbZFUoeNPZQ\nqUxTnOmzIA0Sa/YhV6ppvPF3/ldbAUAoWpInXMmoS4Ut0ZS1LwgWi9mnkMCkwOjL\ntOVTrVtHfgoMZOTorB/toY/1IKeXlYN50KcYusEZdxQQ3CaXqNmAW4v5h1vavoAX\n8npqXOv9eAm7XY80FGSx8SJcurzt3Xt3yw9g634mjWwsaxX/LTGGG3vOugqgE5ik\nvuc+hAL4Ys6DuXo8+7xecjr/k5m6ONkid3UKOWhifpUHmfUdMqduQvfS8q8cnS65\n5BAymrgh5QP3AoIBAG2pw1Xc92NAMpwESijZ+7UuEr9KrP1RPF36yH4Vn6Bu4oQO\nFz2ZugIDLDs6Nwfto5cRItT+tqj6E2nfvcu575SEadb7Kv43agZ2N61ypKk/o0ug\nB4iT0JYiA2ecS6+NvA2VzAWguJfOpCtr2xYBRoy+6uChuYz3I5xfYuDybjGmWT8q\nIFYiB46W4fjHeyx6dIvWQZWrB2YDz/y+TX8osKVWpRqEHMapkPTK9051EmkKI8+B\nUpmMk6XiIbfDVRsC78MoI9B2RxN7vPJDQYzEfsuLfsVONUQpPN+RPywHUekiglj3\n6bPlX1uwgkmvczFjBXaUL6+Mh2Cob8H+sDIRrHsCggEBAKBVhzUYN2xRMEyfg90R\nfJ4mePpPxzaXw39Uk7mkXqA4ZHNaMx/l+AVCuBcvsIqTvorlpVZRBuzim3vfeLJJ\nApkbdplpCpHDlGz8Zaa/g56s6C6CVY1XYDDr+FoJ+7t8IrSkFWibtsgCnBM/GVCI\nTnWWKbmsnGH/bWUFIhQl2bHz/E9R2WaqJdRD1TY3Qtj/Pq+Rk1JtrzUQ9D1Kg16X\nv2MCG9smxaeRiyj16Ghikh1DfBJSXG+LYjj2wJEH+Haw4z7UqTPzbNKKsAO+RVD8\nxLx5Pn2Fc/CMbUcElSBxEIO3ebuFWJdM4Gpi5frZvGRTqzrFYeVjqas/XZIAdCKz\nIhMCggEAS6PCekYtk3AAUy1KwRN7N83K4mWDuJRgHM1e3oDEHbNo0T3jYqDF/17b\nGxOkE7UZubtrJWKFSzRSmxAUs2+/Ry91yCIAWcDuzVIbtafuXsP7UJs6fKTW4MLm\nxtFrJ+ZoJdCz4VzqT9Z+uVoKhTe5qTNK57DLqCd4FstuZZE3HJD3JrQrNY4t7AbP\nDJltgrSGTw39Q6xAnXjQA4HlQwMeZ4qeHXTnxvXDnyfhF4O9D7CS28uRO+J/e0wZ\nRpnC7esMzhob874ZXDjFIiCKKSFYeplhuIrAq2N6CU/PpmcdCO9CcH3DoSIcOoeM\nEjjXlYmRrvqQCEz/ESSHUyr930GpaQ==\n-----END PRIVATE KEY-----\n",
            "public_key_fingerprint_md5": "92:aa:14:13:98:95:b5:72:6c:3e:0b:aa:c3:99:fb:9a",
            "public_key_fingerprint_sha256": "SHA256:y9CQNvXJx4kMEmVdqGm32Ta8p09GrnV4ueQsk8cD0Yc",
            "public_key_openssh": "ssh-rsa AAAAB3NzaC1yc2EAAAADAQABAAACAQCZWzfe+332l3PvGcfs55FWjItriZ5ZhI5zoLvdrmOVeLUS9kb6rhJTDZXWIz9J6S6Mk5C1Szm54vo9ac+Nl0qhIYptWbRYxQkB7cR1v8XsWqcffGwu9XX+lTAAMjC+n5hLIqpgB2w2K6GWzSUO52X6wpw2rU9lk9GLh0LB2Sg5yD1xlWxGRxa1CQjph+u6BZY+g6+cXqEqlRb1yuKGNfptE+ndzSvz/fBjjzbGnyWztyGpsZKQBj1m9fK/h0jK56xg2GcIY7lRJzJmoTZjCbULeUUqkEbI5VAdaQloAtSE/GN6wHayr3q4JwPJwsW+sjfLAlG8KS2LEjz7T+0HEINvQJehTv5fTYCuKLFUo8ds6g1WHlz5/PML7jowkHqDL3ceIwIjKMhH8tu2gW5gEmhAPwaq67TtBbotlUZ4xuCoXs5Q2PLwi4C4KRk5o/z2Je+yTLDm1IrE0zBGjFHLJUDKMlFW6JUP5NicYosNPVxxStA1WlQhVLQoet4bdj7KsEK4EvcJ8sjyw0BATZdm160Z5gFHKNFhTIvG4tR+YmzUhmicAdcn8yywIz73cihVlLhhHz2GmjthTfgXJGFdz9iyj7Z+AaHoHCnz1kI82K5pMoZcag8D3jJEeWn2ZEkeLqSDqbahlwVi7W8ij/pKjugZ6AFwi4ASW/HWTU6QEsYt7Q==\n",
            "public_key_pem": "-----BEGIN PUBLIC KEY-----\nMIICIjANBgkqhkiG9w0BAQEFAAOCAg8AMIICCgKCAgEAmVs33vt99pdz7xnH7OeR\nVoyLa4meWYSOc6C73a5jlXi1EvZG+q4SUw2V1iM/SekujJOQtUs5ueL6PWnPjZdK\noSGKbVm0WMUJAe3Edb/F7FqnH3xsLvV1/pUwADIwvp+YSyKqYAdsNiuhls0lDudl\n+sKcNq1PZZPRi4dCwdkoOcg9cZVsRkcWtQkI6YfrugWWPoOvnF6hKpUW9crihjX6\nbRPp3c0r8/3wY482xp8ls7chqbGSkAY9ZvXyv4dIyuesYNhnCGO5UScyZqE2Ywm1\nC3lFKpBGyOVQHWkJaALUhPxjesB2sq96uCcDycLFvrI3ywJRvCktixI8+0/tBxCD\nb0CXoU7+X02AriixVKPHbOoNVh5c+fzzC+46MJB6gy93HiMCIyjIR/LbtoFuYBJo\nQD8Gquu07QW6LZVGeMbgqF7OUNjy8IuAuCkZOaP89iXvskyw5tSKxNMwRoxRyyVA\nyjJRVuiVD+TYnGKLDT1ccUrQNVpUIVS0KHreG3Y+yrBCuBL3CfLI8sNAQE2XZtet\nGeYBRyjRYUyLxuLUfmJs1IZonAHXJ/MssCM+93IoVZS4YR89hpo7YU34FyRhXc/Y\nso+2fgGh6Bwp89ZCPNiuaTKGXGoPA94yRHlp9mRJHi6kg6m2oZcFYu1vIo/6So7o\nGegBcIuAElvx1k1OkBLGLe0CAwEAAQ==\n-----END PUBLIC KEY-----\n",
            "rsa_bits": 4096
          },
          "sensitive_attributes": []
        }
      ]
    }
  ],
  "check_results": null
}
